
Microsoft Visual Studio Solution File, Format Version 12.00
# Visual Studio Version 17
VisualStudioVersion = 17.9.34728.123
MinimumVisualStudioVersion = 10.0.40219.1
Project("{FAE04EC0-301F-11D3-BF4B-00C04F79EFBC}") = "MyExplorer", "MyExplorer\MyExplorer.csproj", "{819630BC-9667-47A1-8455-2A9009EF7572}"
EndProject
Global
	GlobalSection(SolutionConfigurationPlatforms) = preSolution
		Debug|Any CPU = Debug|Any CPU
		Release|Any CPU = Release|Any CPU
	EndGlobalSection
	GlobalSection(ProjectConfigurationPlatforms) = postSolution
		{819630BC-9667-47A1-8455-2A9009EF7572}.Debug|Any CPU.ActiveCfg = Debug|Any CPU
		{819630BC-9667-47A1-8455-2A9009EF7572}.Debug|Any CPU.Build.0 = Debug|Any CPU
		{819630BC-9667-47A1-8455-2A9009EF7572}.Release|Any CPU.ActiveCfg = Release|Any CPU
		{819630BC-9667-47A1-8455-2A9009EF7572}.Release|Any CPU.Build.0 = Release|Any CPU
	EndGlobalSection
	GlobalSection(SolutionProperties) = preSolution
		HideSolutionNode = FALSE
	EndGlobalSection
	GlobalSection(ExtensibilityGlobals) = postSolution
		SolutionGuid = {FFDD77E9-6096-4ECC-B91F-890C77DCCBF4}
	EndGlobalSection
EndGlobal
